// !$*UTF8*$!
{
	archiveVersion = 1;
	classes = {
	};
	objectVersion = 51;
	objects = {

/* Begin PBXBuildFile section */
		272BC1325A15E754BBD5BF91 /* Pods_FlixTests.framework in Frameworks */ = {isa = PBXBuildFile; fileRef = 99AAF3B0816877D76906681F /* Pods_FlixTests.framework */; };
		491CD22025D859A900AB2CC7 /* MovieCell.swift in Sources */ = {isa = PBXBuildFile; fileRef = 491CD21F25D859A900AB2CC7 /* MovieCell.swift */; };
		4991A4CB25D78E9400ED0426 /* AppDelegate.swift in Sources */ = {isa = PBXBuildFile; fileRef = 4991A4CA25D78E9400ED0426 /* AppDelegate.swift */; };
		4991A4CD25D78E9400ED0426 /* SceneDelegate.swift in Sources */ = {isa = PBXBuildFile; fileRef = 4991A4CC25D78E9400ED0426 /* SceneDelegate.swift */; };
		4991A4D225D78E9500ED0426 /* Main.storyboard in Resources */ = {isa = PBXBuildFile; fileRef = 4991A4D025D78E9500ED0426 /* Main.storyboard */; };
		4991A4D425D78E9D00ED0426 /* Assets.xcassets in Resources */ = {isa = PBXBuildFile; fileRef = 4991A4D325D78E9D00ED0426 /* Assets.xcassets */; };
		4991A4D725D78E9D00ED0426 /* LaunchScreen.storyboard in Resources */ = {isa = PBXBuildFile; fileRef = 4991A4D525D78E9D00ED0426 /* LaunchScreen.storyboard */; };
		4991A4E225D78E9E00ED0426 /* FlixTests.swift in Sources */ = {isa = PBXBuildFile; fileRef = 4991A4E125D78E9E00ED0426 /* FlixTests.swift */; };
		4991A4ED25D78E9E00ED0426 /* FlixUITests.swift in Sources */ = {isa = PBXBuildFile; fileRef = 4991A4EC25D78E9E00ED0426 /* FlixUITests.swift */; };
		4991A50125D8434900ED0426 /* MoviesViewController.swift in Sources */ = {isa = PBXBuildFile; fileRef = 4991A50025D8434900ED0426 /* MoviesViewController.swift */; };
		4997FFE725E9F6CA00EAFAC5 /* MovieDetailsViewController.swift in Sources */ = {isa = PBXBuildFile; fileRef = 4997FFE625E9F6CA00EAFAC5 /* MovieDetailsViewController.swift */; };
		4997FFEC25EA036900EAFAC5 /* MovieGridViewController.swift in Sources */ = {isa = PBXBuildFile; fileRef = 4997FFEB25EA036800EAFAC5 /* MovieGridViewController.swift */; };
		4997FFF125EA064D00EAFAC5 /* MovieGridCell.swift in Sources */ = {isa = PBXBuildFile; fileRef = 4997FFF025EA064C00EAFAC5 /* MovieGridCell.swift */; };
		4E384D08B2705F109A2ABE3C /* Pods_Flix_FlixUITests.framework in Frameworks */ = {isa = PBXBuildFile; fileRef = 47C62ADFE69C66F2B721CDA1 /* Pods_Flix_FlixUITests.framework */; };
		A6AF8B856F46CBFFF5B611B0 /* Pods_Flix.framework in Frameworks */ = {isa = PBXBuildFile; fileRef = 5AFFF4A93D9013F10EB03D68 /* Pods_Flix.framework */; };
/* End PBXBuildFile section */

/* Begin PBXContainerItemProxy section */
		4991A4DE25D78E9E00ED0426 /* PBXContainerItemProxy */ = {
			isa = PBXContainerItemProxy;
			containerPortal = 4991A4BF25D78E9400ED0426 /* Project object */;
			proxyType = 1;
			remoteGlobalIDString = 4991A4C625D78E9400ED0426;
			remoteInfo = Flix;
		};
		4991A4E925D78E9E00ED0426 /* PBXContainerItemProxy */ = {
			isa = PBXContainerItemProxy;
			containerPortal = 4991A4BF25D78E9400ED0426 /* Project object */;
			proxyType = 1;
			remoteGlobalIDString = 4991A4C625D78E9400ED0426;
			remoteInfo = Flix;
		};
/* End PBXContainerItemProxy section */

/* Begin PBXFileReference section */
		3624C136E56FAB784E6ACB7D /* Pods-FlixTests.debug.xcconfig */ = {isa = PBXFileReference; includeInIndex = 1; lastKnownFileType = text.xcconfig; name = "Pods-FlixTests.debug.xcconfig"; path = "Target Support Files/Pods-FlixTests/Pods-FlixTests.debug.xcconfig"; sourceTree = "<group>"; };
		4041C55095A95ADC9665A4A1 /* Pods-Flix.release.xcconfig */ = {isa = PBXFileReference; includeInIndex = 1; lastKnownFileType = text.xcconfig; name = "Pods-Flix.release.xcconfig"; path = "Target Support Files/Pods-Flix/Pods-Flix.release.xcconfig"; sourceTree = "<group>"; };
		47C62ADFE69C66F2B721CDA1 /* Pods_Flix_FlixUITests.framework */ = {isa = PBXFileReference; explicitFileType = wrapper.framework; includeInIndex = 0; path = Pods_Flix_FlixUITests.framework; sourceTree = BUILT_PRODUCTS_DIR; };
		491CD21F25D859A900AB2CC7 /* MovieCell.swift */ = {isa = PBXFileReference; lastKnownFileType = sourcecode.swift; path = MovieCell.swift; sourceTree = "<group>"; };
		4991A4C725D78E9400ED0426 /* Flix.app */ = {isa = PBXFileReference; explicitFileType = wrapper.application; includeInIndex = 0; path = Flix.app; sourceTree = BUILT_PRODUCTS_DIR; };
		4991A4CA25D78E9400ED0426 /* AppDelegate.swift */ = {isa = PBXFileReference; lastKnownFileType = sourcecode.swift; path = AppDelegate.swift; sourceTree = "<group>"; };
		4991A4CC25D78E9400ED0426 /* SceneDelegate.swift */ = {isa = PBXFileReference; lastKnownFileType = sourcecode.swift; path = SceneDelegate.swift; sourceTree = "<group>"; };
		4991A4D125D78E9500ED0426 /* Base */ = {isa = PBXFileReference; lastKnownFileType = file.storyboard; name = Base; path = Base.lproj/Main.storyboard; sourceTree = "<group>"; };
		4991A4D325D78E9D00ED0426 /* Assets.xcassets */ = {isa = PBXFileReference; lastKnownFileType = folder.assetcatalog; path = Assets.xcassets; sourceTree = "<group>"; };
		4991A4D625D78E9D00ED0426 /* Base */ = {isa = PBXFileReference; lastKnownFileType = file.storyboard; name = Base; path = Base.lproj/LaunchScreen.storyboard; sourceTree = "<group>"; };
		4991A4D825D78E9D00ED0426 /* Info.plist */ = {isa = PBXFileReference; lastKnownFileType = text.plist.xml; path = Info.plist; sourceTree = "<group>"; };
		4991A4DD25D78E9E00ED0426 /* FlixTests.xctest */ = {isa = PBXFileReference; explicitFileType = wrapper.cfbundle; includeInIndex = 0; path = FlixTests.xctest; sourceTree = BUILT_PRODUCTS_DIR; };
		4991A4E125D78E9E00ED0426 /* FlixTests.swift */ = {isa = PBXFileReference; lastKnownFileType = sourcecode.swift; path = FlixTests.swift; sourceTree = "<group>"; };
		4991A4E325D78E9E00ED0426 /* Info.plist */ = {isa = PBXFileReference; lastKnownFileType = text.plist.xml; path = Info.plist; sourceTree = "<group>"; };
		4991A4E825D78E9E00ED0426 /* FlixUITests.xctest */ = {isa = PBXFileReference; explicitFileType = wrapper.cfbundle; includeInIndex = 0; path = FlixUITests.xctest; sourceTree = BUILT_PRODUCTS_DIR; };
		4991A4EC25D78E9E00ED0426 /* FlixUITests.swift */ = {isa = PBXFileReference; lastKnownFileType = sourcecode.swift; path = FlixUITests.swift; sourceTree = "<group>"; };
		4991A4EE25D78E9E00ED0426 /* Info.plist */ = {isa = PBXFileReference; lastKnownFileType = text.plist.xml; path = Info.plist; sourceTree = "<group>"; };
		4991A50025D8434900ED0426 /* MoviesViewController.swift */ = {isa = PBXFileReference; lastKnownFileType = sourcecode.swift; path = MoviesViewController.swift; sourceTree = "<group>"; };
		4997FFE625E9F6CA00EAFAC5 /* MovieDetailsViewController.swift */ = {isa = PBXFileReference; lastKnownFileType = sourcecode.swift; path = MovieDetailsViewController.swift; sourceTree = "<group>"; };
		4997FFEB25EA036800EAFAC5 /* MovieGridViewController.swift */ = {isa = PBXFileReference; lastKnownFileType = sourcecode.swift; path = MovieGridViewController.swift; sourceTree = "<group>"; };
		4997FFF025EA064C00EAFAC5 /* MovieGridCell.swift */ = {isa = PBXFileReference; lastKnownFileType = sourcecode.swift; path = MovieGridCell.swift; sourceTree = "<group>"; };
		560476BE7E0610540D24AB20 /* Pods-FlixTests.release.xcconfig */ = {isa = PBXFileReference; includeInIndex = 1; lastKnownFileType = text.xcconfig; name = "Pods-FlixTests.release.xcconfig"; path = "Target Support Files/Pods-FlixTests/Pods-FlixTests.release.xcconfig"; sourceTree = "<group>"; };
		5AFFF4A93D9013F10EB03D68 /* Pods_Flix.framework */ = {isa = PBXFileReference; explicitFileType = wrapper.framework; includeInIndex = 0; path = Pods_Flix.framework; sourceTree = BUILT_PRODUCTS_DIR; };
		6BEA8A7779A54C005CD9911C /* Pods-Flix-FlixUITests.debug.xcconfig */ = {isa = PBXFileReference; includeInIndex = 1; lastKnownFileType = text.xcconfig; name = "Pods-Flix-FlixUITests.debug.xcconfig"; path = "Target Support Files/Pods-Flix-FlixUITests/Pods-Flix-FlixUITests.debug.xcconfig"; sourceTree = "<group>"; };
		99AAF3B0816877D76906681F /* Pods_FlixTests.framework */ = {isa = PBXFileReference; explicitFileType = wrapper.framework; includeInIndex = 0; path = Pods_FlixTests.framework; sourceTree = BUILT_PRODUCTS_DIR; };
		CDDB9506C55401178F297872 /* Pods-Flix.debug.xcconfig */ = {isa = PBXFileReference; includeInIndex = 1; lastKnownFileType = text.xcconfig; name = "Pods-Flix.debug.xcconfig"; path = "Target Support Files/Pods-Flix/Pods-Flix.debug.xcconfig"; sourceTree = "<group>"; };
		CE209414E471DB433900F0D9 /* Pods-Flix-FlixUITests.release.xcconfig */ = {isa = PBXFileReference; includeInIndex = 1; lastKnownFileType = text.xcconfig; name = "Pods-Flix-FlixUITests.release.xcconfig"; path = "Target Support Files/Pods-Flix-FlixUITests/Pods-Flix-FlixUITests.release.xcconfig"; sourceTree = "<group>"; };
/* End PBXFileReference section */

/* Begin PBXFrameworksBuildPhase section */
		4991A4C425D78E9400ED0426 /* Frameworks */ = {
			isa = PBXFrameworksBuildPhase;
			buildActionMask = 2147483647;
			files = (
				A6AF8B856F46CBFFF5B611B0 /* Pods_Flix.framework in Frameworks */,
			);
			runOnlyForDeploymentPostprocessing = 0;
		};
		4991A4DA25D78E9E00ED0426 /* Frameworks */ = {
			isa = PBXFrameworksBuildPhase;
			buildActionMask = 2147483647;
			files = (
				272BC1325A15E754BBD5BF91 /* Pods_FlixTests.framework in Frameworks */,
			);
			runOnlyForDeploymentPostprocessing = 0;
		};
		4991A4E525D78E9E00ED0426 /* Frameworks */ = {
			isa = PBXFrameworksBuildPhase;
			buildActionMask = 2147483647;
			files = (
				4E384D08B2705F109A2ABE3C /* Pods_Flix_FlixUITests.framework in Frameworks */,
			);
			runOnlyForDeploymentPostprocessing = 0;
		};
/* End PBXFrameworksBuildPhase section */

/* Begin PBXGroup section */
		4991A4BE25D78E9400ED0426 = {
			isa = PBXGroup;
			children = (
				4991A4C925D78E9400ED0426 /* Flix */,
				4991A4E025D78E9E00ED0426 /* FlixTests */,
				4991A4EB25D78E9E00ED0426 /* FlixUITests */,
				4991A4C825D78E9400ED0426 /* Products */,
				746C57BBE8E588C1F5E85BBF /* Pods */,
				81553F6A7A4DDA8EB14874A0 /* Frameworks */,
			);
			sourceTree = "<group>";
		};
		4991A4C825D78E9400ED0426 /* Products */ = {
			isa = PBXGroup;
			children = (
				4991A4C725D78E9400ED0426 /* Flix.app */,
				4991A4DD25D78E9E00ED0426 /* FlixTests.xctest */,
				4991A4E825D78E9E00ED0426 /* FlixUITests.xctest */,
			);
			name = Products;
			sourceTree = "<group>";
		};
		4991A4C925D78E9400ED0426 /* Flix */ = {
			isa = PBXGroup;
			children = (
				4991A4CA25D78E9400ED0426 /* AppDelegate.swift */,
				4991A4CC25D78E9400ED0426 /* SceneDelegate.swift */,
				4991A4D025D78E9500ED0426 /* Main.storyboard */,
				4991A4D325D78E9D00ED0426 /* Assets.xcassets */,
				4991A4D525D78E9D00ED0426 /* LaunchScreen.storyboard */,
				4991A4D825D78E9D00ED0426 /* Info.plist */,
				4991A50025D8434900ED0426 /* MoviesViewController.swift */,
				491CD21F25D859A900AB2CC7 /* MovieCell.swift */,
				4997FFE625E9F6CA00EAFAC5 /* MovieDetailsViewController.swift */,
				4997FFEB25EA036800EAFAC5 /* MovieGridViewController.swift */,
				4997FFF025EA064C00EAFAC5 /* MovieGridCell.swift */,
			);
			path = Flix;
			sourceTree = "<group>";
		};
		4991A4E025D78E9E00ED0426 /* FlixTests */ = {
			isa = PBXGroup;
			children = (
				4991A4E125D78E9E00ED0426 /* FlixTests.swift */,
				4991A4E325D78E9E00ED0426 /* Info.plist */,
			);
			path = FlixTests;
			sourceTree = "<group>";
		};
		4991A4EB25D78E9E00ED0426 /* FlixUITests */ = {
			isa = PBXGroup;
			children = (
				4991A4EC25D78E9E00ED0426 /* FlixUITests.swift */,
				4991A4EE25D78E9E00ED0426 /* Info.plist */,
			);
			path = FlixUITests;
			sourceTree = "<group>";
		};
		746C57BBE8E588C1F5E85BBF /* Pods */ = {
			isa = PBXGroup;
			children = (
				CDDB9506C55401178F297872 /* Pods-Flix.debug.xcconfig */,
				4041C55095A95ADC9665A4A1 /* Pods-Flix.release.xcconfig */,
				6BEA8A7779A54C005CD9911C /* Pods-Flix-FlixUITests.debug.xcconfig */,
				CE209414E471DB433900F0D9 /* Pods-Flix-FlixUITests.release.xcconfig */,
				3624C136E56FAB784E6ACB7D /* Pods-FlixTests.debug.xcconfig */,
				560476BE7E0610540D24AB20 /* Pods-FlixTests.release.xcconfig */,
			);
			path = Pods;
			sourceTree = "<group>";
		};
		81553F6A7A4DDA8EB14874A0 /* Frameworks */ = {
			isa = PBXGroup;
			children = (
				5AFFF4A93D9013F10EB03D68 /* Pods_Flix.framework */,
				47C62ADFE69C66F2B721CDA1 /* Pods_Flix_FlixUITests.framework */,
				99AAF3B0816877D76906681F /* Pods_FlixTests.framework */,
			);
			name = Frameworks;
			sourceTree = "<group>";
		};
/* End PBXGroup section */

/* Begin PBXNativeTarget section */
		4991A4C625D78E9400ED0426 /* Flix */ = {
			isa = PBXNativeTarget;
			buildConfigurationList = 4991A4F125D78E9E00ED0426 /* Build configuration list for PBXNativeTarget "Flix" */;
			buildPhases = (
				F9853FB7AF6B3C5140A48439 /* [CP] Check Pods Manifest.lock */,
				4991A4C325D78E9400ED0426 /* Sources */,
				4991A4C425D78E9400ED0426 /* Frameworks */,
				4991A4C525D78E9400ED0426 /* Resources */,
				E532272B20E1443B25495AF4 /* [CP] Embed Pods Frameworks */,
			);
			buildRules = (
			);
			dependencies = (
			);
			name = Flix;
			productName = Flix;
			productReference = 4991A4C725D78E9400ED0426 /* Flix.app */;
			productType = "com.apple.product-type.application";
		};
		4991A4DC25D78E9E00ED0426 /* FlixTests */ = {
			isa = PBXNativeTarget;
			buildConfigurationList = 4991A4F425D78E9E00ED0426 /* Build configuration list for PBXNativeTarget "FlixTests" */;
			buildPhases = (
				681C83863DC3C3C64368D098 /* [CP] Check Pods Manifest.lock */,
				4991A4D925D78E9E00ED0426 /* Sources */,
				4991A4DA25D78E9E00ED0426 /* Frameworks */,
				4991A4DB25D78E9E00ED0426 /* Resources */,
			);
			buildRules = (
			);
			dependencies = (
				4991A4DF25D78E9E00ED0426 /* PBXTargetDependency */,
			);
			name = FlixTests;
			productName = FlixTests;
			productReference = 4991A4DD25D78E9E00ED0426 /* FlixTests.xctest */;
			productType = "com.apple.product-type.bundle.unit-test";
		};
		4991A4E725D78E9E00ED0426 /* FlixUITests */ = {
			isa = PBXNativeTarget;
			buildConfigurationList = 4991A4F725D78E9E00ED0426 /* Build configuration list for PBXNativeTarget "FlixUITests" */;
			buildPhases = (
				73082CFAB6AFFA35D60EA96D /* [CP] Check Pods Manifest.lock */,
				4991A4E425D78E9E00ED0426 /* Sources */,
				4991A4E525D78E9E00ED0426 /* Frameworks */,
				4991A4E625D78E9E00ED0426 /* Resources */,
				7823FD85B416130E1FB7BAD0 /* [CP] Embed Pods Frameworks */,
			);
			buildRules = (
			);
			dependencies = (
				4991A4EA25D78E9E00ED0426 /* PBXTargetDependency */,
			);
			name = FlixUITests;
			productName = FlixUITests;
			productReference = 4991A4E825D78E9E00ED0426 /* FlixUITests.xctest */;
			productType = "com.apple.product-type.bundle.ui-testing";
		};
/* End PBXNativeTarget section */

/* Begin PBXProject section */
		4991A4BF25D78E9400ED0426 /* Project object */ = {
			isa = PBXProject;
			attributes = {
				LastSwiftUpdateCheck = 1230;
				LastUpgradeCheck = 1230;
				TargetAttributes = {
					4991A4C625D78E9400ED0426 = {
						CreatedOnToolsVersion = 12.3;
					};
					4991A4DC25D78E9E00ED0426 = {
						CreatedOnToolsVersion = 12.3;
						TestTargetID = 4991A4C625D78E9400ED0426;
					};
					4991A4E725D78E9E00ED0426 = {
						CreatedOnToolsVersion = 12.3;
						TestTargetID = 4991A4C625D78E9400ED0426;
					};
				};
			};
			buildConfigurationList = 4991A4C225D78E9400ED0426 /* Build configuration list for PBXProject "Flix" */;
			compatibilityVersion = "Xcode 9.3";
			developmentRegion = en;
			hasScannedForEncodings = 0;
			knownRegions = (
				en,
				Base,
			);
			mainGroup = 4991A4BE25D78E9400ED0426;
			productRefGroup = 4991A4C825D78E9400ED0426 /* Products */;
			projectDirPath = "";
			projectRoot = "";
			targets = (
				4991A4C625D78E9400ED0426 /* Flix */,
				4991A4DC25D78E9E00ED0426 /* FlixTests */,
				4991A4E725D78E9E00ED0426 /* FlixUITests */,
			);
		};
/* End PBXProject section */

/* Begin PBXResourcesBuildPhase section */
		4991A4C525D78E9400ED0426 /* Resources */ = {
			isa = PBXResourcesBuildPhase;
			buildActionMask = 2147483647;
			files = (
				4991A4D725D78E9D00ED0426 /* LaunchScreen.storyboard in Resources */,
				4991A4D425D78E9D00ED0426 /* Assets.xcassets in Resources */,
				4991A4D225D78E9500ED0426 /* Main.storyboard in Resources */,
			);
			runOnlyForDeploymentPostprocessing = 0;
		};
		4991A4DB25D78E9E00ED0426 /* Resources */ = {
			isa = PBXResourcesBuildPhase;
			buildActionMask = 2147483647;
			files = (
			);
			runOnlyForDeploymentPostprocessing = 0;
		};
		4991A4E625D78E9E00ED0426 /* Resources */ = {
			isa = PBXResourcesBuildPhase;
			buildActionMask = 2147483647;
			files = (
			);
			runOnlyForDeploymentPostprocessing = 0;
		};
/* End PBXResourcesBuildPhase section */

/* Begin PBXShellScriptBuildPhase section */
		681C83863DC3C3C64368D098 /* [CP] Check Pods Manifest.lock */ = {
			isa = PBXShellScriptBuildPhase;
			buildActionMask = 2147483647;
			files = (
			);
			inputFileListPaths = (
			);
			inputPaths = (
				"${PODS_PODFILE_DIR_PATH}/Podfile.lock",
				"${PODS_ROOT}/Manifest.lock",
			);
			name = "[CP] Check Pods Manifest.lock";
			outputFileListPaths = (
			);
			outputPaths = (
				"$(DERIVED_FILE_DIR)/Pods-FlixTests-checkManifestLockResult.txt",
			);
			runOnlyForDeploymentPostprocessing = 0;
			shellPath = /bin/sh;
			shellScript = "diff \"${PODS_PODFILE_DIR_PATH}/Podfile.lock\" \"${PODS_ROOT}/Manifest.lock\" > /dev/null\nif [ $? != 0 ] ; then\n    # print error to STDERR\n    echo \"error: The sandbox is not in sync with the Podfile.lock. Run 'pod install' or update your CocoaPods installation.\" >&2\n    exit 1\nfi\n# This output is used by Xcode 'outputs' to avoid re-running this script phase.\necho \"SUCCESS\" > \"${SCRIPT_OUTPUT_FILE_0}\"\n";
			showEnvVarsInLog = 0;
		};
		73082CFAB6AFFA35D60EA96D /* [CP] Check Pods Manifest.lock */ = {
			isa = PBXShellScriptBuildPhase;
			buildActionMask = 2147483647;
			files = (
			);
			inputFileListPaths = (
			);
			inputPaths = (
				"${PODS_PODFILE_DIR_PATH}/Podfile.lock",
				"${PODS_ROOT}/Manifest.lock",
			);
			name = "[CP] Check Pods Manifest.lock";
			outputFileListPaths = (
			);
			outputPaths = (
				"$(DERIVED_FILE_DIR)/Pods-Flix-FlixUITests-checkManifestLockResult.txt",
			);
			runOnlyForDeploymentPostprocessing = 0;
			shellPath = /bin/sh;
			shellScript = "diff \"${PODS_PODFILE_DIR_PATH}/Podfile.lock\" \"${PODS_ROOT}/Manifest.lock\" > /dev/null\nif [ $? != 0 ] ; then\n    # print error to STDERR\n    echo \"error: The sandbox is not in sync with the Podfile.lock. Run 'pod install' or update your CocoaPods installation.\" >&2\n    exit 1\nfi\n# This output is used by Xcode 'outputs' to avoid re-running this script phase.\necho \"SUCCESS\" > \"${SCRIPT_OUTPUT_FILE_0}\"\n";
			showEnvVarsInLog = 0;
		};
		7823FD85B416130E1FB7BAD0 /* [CP] Embed Pods Frameworks */ = {
			isa = PBXShellScriptBuildPhase;
			buildActionMask = 2147483647;
			files = (
			);
			inputFileListPaths = (
				"${PODS_ROOT}/Target Support Files/Pods-Flix-FlixUITests/Pods-Flix-FlixUITests-frameworks-${CONFIGURATION}-input-files.xcfilelist",
			);
			name = "[CP] Embed Pods Frameworks";
			outputFileListPaths = (
				"${PODS_ROOT}/Target Support Files/Pods-Flix-FlixUITests/Pods-Flix-FlixUITests-frameworks-${CONFIGURATION}-output-files.xcfilelist",
			);
			runOnlyForDeploymentPostprocessing = 0;
			shellPath = /bin/sh;
			shellScript = "\"${PODS_ROOT}/Target Support Files/Pods-Flix-FlixUITests/Pods-Flix-FlixUITests-frameworks.sh\"\n";
			showEnvVarsInLog = 0;
		};
		E532272B20E1443B25495AF4 /* [CP] Embed Pods Frameworks */ = {
			isa = PBXShellScriptBuildPhase;
			buildActionMask = 2147483647;
			files = (
			);
			inputFileListPaths = (
				"${PODS_ROOT}/Target Support Files/Pods-Flix/Pods-Flix-frameworks-${CONFIGURATION}-input-files.xcfilelist",
			);
			name = "[CP] Embed Pods Frameworks";
			outputFileListPaths = (
				"${PODS_ROOT}/Target Support Files/Pods-Flix/Pods-Flix-frameworks-${CONFIGURATION}-output-files.xcfilelist",
			);
			runOnlyForDeploymentPostprocessing = 0;
			shellPath = /bin/sh;
			shellScript = "\"${PODS_ROOT}/Target Support Files/Pods-Flix/Pods-Flix-frameworks.sh\"\n";
			showEnvVarsInLog = 0;
		};
		F9853FB7AF6B3C5140A48439 /* [CP] Check Pods Manifest.lock */ = {
			isa = PBXShellScriptBuildPhase;
			buildActionMask = 2147483647;
			files = (
			);
			inputFileListPaths = (
			);
			inputPaths = (
				"${PODS_PODFILE_DIR_PATH}/Podfile.lock",
				"${PODS_ROOT}/Manifest.lock",
			);
			name = "[CP] Check Pods Manifest.lock";
			outputFileListPaths = (
			);
			outputPaths = (
				"$(DERIVED_FILE_DIR)/Pods-Flix-checkManifestLockResult.txt",
			);
			runOnlyForDeploymentPostprocessing = 0;
			shellPath = /bin/sh;
			shellScript = "diff \"${PODS_PODFILE_DIR_PATH}/Podfile.lock\" \"${PODS_ROOT}/Manifest.lock\" > /dev/null\nif [ $? != 0 ] ; then\n    # print error to STDERR\n    echo \"error: The sandbox is not in sync with the Podfile.lock. Run 'pod install' or update your CocoaPods installation.\" >&2\n    exit 1\nfi\n# This output is used by Xcode 'outputs' to avoid re-running this script phase.\necho \"SUCCESS\" > \"${SCRIPT_OUTPUT_FILE_0}\"\n";
			showEnvVarsInLog = 0;
		};
/* End PBXShellScriptBuildPhase section */

/* Begin PBXSourcesBuildPhase section */
		4991A4C325D78E9400ED0426 /* Sources */ = {
			isa = PBXSourcesBuildPhase;
			buildActionMask = 2147483647;
			files = (
				4997FFE725E9F6CA00EAFAC5 /* MovieDetailsViewController.swift in Sources */,
				4991A4CB25D78E9400ED0426 /* AppDelegate.swift in Sources */,
				4991A4CD25D78E9400ED0426 /* SceneDelegate.swift in Sources */,
				491CD22025D859A900AB2CC7 /* MovieCell.swift in Sources */,
				4991A50125D8434900ED0426 /* MoviesViewController.swift in Sources */,
				4997FFEC25EA036900EAFAC5 /* MovieGridViewController.swift in Sources */,
				4997FFF125EA064D00EAFAC5 /* MovieGridCell.swift in Sources */,
			);
			runOnlyForDeploymentPostprocessing = 0;
		};
		4991A4D925D78E9E00ED0426 /* Sources */ = {
			isa = PBXSourcesBuildPhase;
			buildActionMask = 2147483647;
			files = (
				4991A4E225D78E9E00ED0426 /* FlixTests.swift in Sources */,
			);
			runOnlyForDeploymentPostprocessing = 0;
		};
		4991A4E425D78E9E00ED0426 /* Sources */ = {
			isa = PBXSourcesBuildPhase;
			buildActionMask = 2147483647;
			files = (
				4991A4ED25D78E9E00ED0426 /* FlixUITests.swift in Sources */,
			);
			runOnlyForDeploymentPostprocessing = 0;
		};
/* End PBXSourcesBuildPhase section */

/* Begin PBXTargetDependency section */
		4991A4DF25D78E9E00ED0426 /* PBXTargetDependency */ = {
			isa = PBXTargetDependency;
			target = 4991A4C625D78E9400ED0426 /* Flix */;
			targetProxy = 4991A4DE25D78E9E00ED0426 /* PBXContainerItemProxy */;
		};
		4991A4EA25D78E9E00ED0426 /* PBXTargetDependency */ = {
			isa = PBXTargetDependency;
			target = 4991A4C625D78E9400ED0426 /* Flix */;
			targetProxy = 4991A4E925D78E9E00ED0426 /* PBXContainerItemProxy */;
		};
/* End PBXTargetDependency section */

/* Begin PBXVariantGroup section */
		4991A4D025D78E9500ED0426 /* Main.storyboard */ = {
			isa = PBXVariantGroup;
			children = (
				4991A4D125D78E9500ED0426 /* Base */,
			);
			name = Main.storyboard;
			sourceTree = "<group>";
		};
		4991A4D525D78E9D00ED0426 /* LaunchScreen.storyboard */ = {
			isa = PBXVariantGroup;
			children = (
				4991A4D625D78E9D00ED0426 /* Base */,
			);
			name = LaunchScreen.storyboard;
			sourceTree = "<group>";
		};
/* End PBXVariantGroup section */

/* Begin XCBuildConfiguration section */
		4991A4EF25D78E9E00ED0426 /* Debug */ = {
			isa = XCBuildConfiguration;
			buildSettings = {
				ALWAYS_SEARCH_USER_PATHS = NO;
				CLANG_ANALYZER_NONNULL = YES;
				CLANG_ANALYZER_NUMBER_OBJECT_CONVERSION = YES_AGGRESSIVE;
				CLANG_CXX_LANGUAGE_STANDARD = "gnu++14";
				CLANG_CXX_LIBRARY = "libc++";
				CLANG_ENABLE_MODULES = YES;
				CLANG_ENABLE_OBJC_ARC = YES;
				CLANG_ENABLE_OBJC_WEAK = YES;
				CLANG_WARN_BLOCK_CAPTURE_AUTORELEASING = YES;
				CLANG_WARN_BOOL_CONVERSION = YES;
				CLANG_WARN_COMMA = YES;
				CLANG_WARN_CONSTANT_CONVERSION = YES;
				CLANG_WARN_DEPRECATED_OBJC_IMPLEMENTATIONS = YES;
				CLANG_WARN_DIRECT_OBJC_ISA_USAGE = YES_ERROR;
				CLANG_WARN_DOCUMENTATION_COMMENTS = YES;
				CLANG_WARN_EMPTY_BODY = YES;
				CLANG_WARN_ENUM_CONVERSION = YES;
				CLANG_WARN_INFINITE_RECURSION = YES;
				CLANG_WARN_INT_CONVERSION = YES;
				CLANG_WARN_NON_LITERAL_NULL_CONVERSION = YES;
				CLANG_WARN_OBJC_IMPLICIT_RETAIN_SELF = YES;
				CLANG_WARN_OBJC_LITERAL_CONVERSION = YES;
				CLANG_WARN_OBJC_ROOT_CLASS = YES_ERROR;
				CLANG_WARN_QUOTED_INCLUDE_IN_FRAMEWORK_HEADER = YES;
				CLANG_WARN_RANGE_LOOP_ANALYSIS = YES;
				CLANG_WARN_STRICT_PROTOTYPES = YES;
				CLANG_WARN_SUSPICIOUS_MOVE = YES;
				CLANG_WARN_UNGUARDED_AVAILABILITY = YES_AGGRESSIVE;
				CLANG_WARN_UNREACHABLE_CODE = YES;
				CLANG_WARN__DUPLICATE_METHOD_MATCH = YES;
				COPY_PHASE_STRIP = NO;
				DEBUG_INFORMATION_FORMAT = dwarf;
				ENABLE_STRICT_OBJC_MSGSEND = YES;
				ENABLE_TESTABILITY = YES;
				GCC_C_LANGUAGE_STANDARD = gnu11;
				GCC_DYNAMIC_NO_PIC = NO;
				GCC_NO_COMMON_BLOCKS = YES;
				GCC_OPTIMIZATION_LEVEL = 0;
				GCC_PREPROCESSOR_DEFINITIONS = (
					"DEBUG=1",
					"$(inherited)",
				);
				GCC_WARN_64_TO_32_BIT_CONVERSION = YES;
				GCC_WARN_ABOUT_RETURN_TYPE = YES_ERROR;
				GCC_WARN_UNDECLARED_SELECTOR = YES;
				GCC_WARN_UNINITIALIZED_AUTOS = YES_AGGRESSIVE;
				GCC_WARN_UNUSED_FUNCTION = YES;
				GCC_WARN_UNUSED_VARIABLE = YES;
				IPHONEOS_DEPLOYMENT_TARGET = 14.3;
				MTL_ENABLE_DEBUG_INFO = INCLUDE_SOURCE;
				MTL_FAST_MATH = YES;
				ONLY_ACTIVE_ARCH = YES;
				SDKROOT = iphoneos;
				SWIFT_ACTIVE_COMPILATION_CONDITIONS = DEBUG;
				SWIFT_OPTIMIZATION_LEVEL = "-Onone";
			};
			name = Debug;
		};
		4991A4F025D78E9E00ED0426 /* Release */ = {
			isa = XCBuildConfiguration;
			buildSettings = {
				ALWAYS_SEARCH_USER_PATHS = NO;
				CLANG_ANALYZER_NONNULL = YES;
				CLANG_ANALYZER_NUMBER_OBJECT_CONVERSION = YES_AGGRESSIVE;
				CLANG_CXX_LANGUAGE_STANDARD = "gnu++14";
				CLANG_CXX_LIBRARY = "libc++";
				CLANG_ENABLE_MODULES = YES;
				CLANG_ENABLE_OBJC_ARC = YES;
				CLANG_ENABLE_OBJC_WEAK = YES;
				CLANG_WARN_BLOCK_CAPTURE_AUTORELEASING = YES;
				CLANG_WARN_BOOL_CONVERSION = YES;
				CLANG_WARN_COMMA = YES;
				CLANG_WARN_CONSTANT_CONVERSION = YES;
				CLANG_WARN_DEPRECATED_OBJC_IMPLEMENTATIONS = YES;
				CLANG_WARN_DIRECT_OBJC_ISA_USAGE = YES_ERROR;
				CLANG_WARN_DOCUMENTATION_COMMENTS = YES;
				CLANG_WARN_EMPTY_BODY = YES;
				CLANG_WARN_ENUM_CONVERSION = YES;
				CLANG_WARN_INFINITE_RECURSION = YES;
				CLANG_WARN_INT_CONVERSION = YES;
				CLANG_WARN_NON_LITERAL_NULL_CONVERSION = YES;
				CLANG_WARN_OBJC_IMPLICIT_RETAIN_SELF = YES;
				CLANG_WARN_OBJC_LITERAL_CONVERSION = YES;
				CLANG_WARN_OBJC_ROOT_CLASS = YES_ERROR;
				CLANG_WARN_QUOTED_INCLUDE_IN_FRAMEWORK_HEADER = YES;
				CLANG_WARN_RANGE_LOOP_ANALYSIS = YES;
				CLANG_WARN_STRICT_PROTOTYPES = YES;
				CLANG_WARN_SUSPICIOUS_MOVE = YES;
				CLANG_WARN_UNGUARDED_AVAILABILITY = YES_AGGRESSIVE;
				CLANG_WARN_UNREACHABLE_CODE = YES;
				CLANG_WARN__DUPLICATE_METHOD_MATCH = YES;
				COPY_PHASE_STRIP = NO;
				DEBUG_INFORMATION_FORMAT = "dwarf-with-dsym";
				ENABLE_NS_ASSERTIONS = NO;
				ENABLE_STRICT_OBJC_MSGSEND = YES;
				GCC_C_LANGUAGE_STANDARD = gnu11;
				GCC_NO_COMMON_BLOCKS = YES;
				GCC_WARN_64_TO_32_BIT_CONVERSION = YES;
				GCC_WARN_ABOUT_RETURN_TYPE = YES_ERROR;
				GCC_WARN_UNDECLARED_SELECTOR = YES;
				GCC_WARN_UNINITIALIZED_AUTOS = YES_AGGRESSIVE;
				GCC_WARN_UNUSED_FUNCTION = YES;
				GCC_WARN_UNUSED_VARIABLE = YES;
				IPHONEOS_DEPLOYMENT_TARGET = 14.3;
				MTL_ENABLE_DEBUG_INFO = NO;
				MTL_FAST_MATH = YES;
				SDKROOT = iphoneos;
				SWIFT_COMPILATION_MODE = wholemodule;
				SWIFT_OPTIMIZATION_LEVEL = "-O";
				VALIDATE_PRODUCT = YES;
			};
			name = Release;
		};
		4991A4F225D78E9E00ED0426 /* Debug */ = {
			isa = XCBuildConfiguration;
			baseConfigurationReference = CDDB9506C55401178F297872 /* Pods-Flix.debug.xcconfig */;
			buildSettings = {
				ASSETCATALOG_COMPILER_APPICON_NAME = AppIcon;
				ASSETCATALOG_COMPILER_GLOBAL_ACCENT_COLOR_NAME = AccentColor;
				CODE_SIGN_STYLE = Automatic;
				INFOPLIST_FILE = Flix/Info.plist;
				LD_RUNPATH_SEARCH_PATHS = (
					"$(inherited)",
					"@executable_path/Frameworks",
				);
				PRODUCT_BUNDLE_IDENTIFIER = memo.com.Flix;
				PRODUCT_NAME = "$(TARGET_NAME)";
				SWIFT_VERSION = 5.0;
				TARGETED_DEVICE_FAMILY = "1,2";
			};
			name = Debug;
		};
		4991A4F325D78E9E00ED0426 /* Release */ = {
			isa = XCBuildConfiguration;
			baseConfigurationReference = 4041C55095A95ADC9665A4A1 /* Pods-Flix.release.xcconfig */;
			buildSettings = {
				ASSETCATALOG_COMPILER_APPICON_NAME = AppIcon;
				ASSETCATALOG_COMPILER_GLOBAL_ACCENT_COLOR_NAME = AccentColor;
				CODE_SIGN_STYLE = Automatic;
				INFOPLIST_FILE = Flix/Info.plist;
				LD_RUNPATH_SEARCH_PATHS = (
					"$(inherited)",
					"@executable_path/Frameworks",
				);
				PRODUCT_BUNDLE_IDENTIFIER = memo.com.Flix;
				PRODUCT_NAME = "$(TARGET_NAME)";
				SWIFT_VERSION = 5.0;
				TARGETED_DEVICE_FAMILY = "1,2";
			};
			name = Release;
		};
		4991A4F525D78E9E00ED0426 /* Debug */ = {
			isa = XCBuildConfiguration;
			baseConfigurationReference = 3624C136E56FAB784E6ACB7D /* Pods-FlixTests.debug.xcconfig */;
			buildSettings = {
				ALWAYS_EMBED_SWIFT_STANDARD_LIBRARIES = YES;
				BUNDLE_LOADER = "$(TEST_HOST)";
				CODE_SIGN_STYLE = Automatic;
				INFOPLIST_FILE = FlixTests/Info.plist;
				IPHONEOS_DEPLOYMENT_TARGET = 14.3;
				LD_RUNPATH_SEARCH_PATHS = (
					"$(inherited)",
					"@executable_path/Frameworks",
					"@loader_path/Frameworks",
				);
				PRODUCT_BUNDLE_IDENTIFIER = memo.com.FlixTests;
				PRODUCT_NAME = "$(TARGET_NAME)";
				SWIFT_VERSION = 5.0;
				TARGETED_DEVICE_FAMILY = "1,2";
				TEST_HOST = "$(BUILT_PRODUCTS_DIR)/Flix.app/Flix";
			};
			name = Debug;
		};
		4991A4F625D78E9E00ED0426 /* Release */ = {
			isa = XCBuildConfiguration;
			baseConfigurationReference = 560476BE7E0610540D24AB20 /* Pods-FlixTests.release.xcconfig */;
			buildSettings = {
				ALWAYS_EMBED_SWIFT_STANDARD_LIBRARIES = YES;
				BUNDLE_LOADER = "$(TEST_HOST)";
				CODE_SIGN_STYLE = Automatic;
				INFOPLIST_FILE = FlixTests/Info.plist;
				IPHONEOS_DEPLOYMENT_TARGET = 14.3;
				LD_RUNPATH_SEARCH_PATHS = (
					"$(inherited)",
					"@executable_path/Frameworks",
					"@loader_path/Frameworks",
				);
				PRODUCT_BUNDLE_IDENTIFIER = memo.com.FlixTests;
				PRODUCT_NAME = "$(TARGET_NAME)";
				SWIFT_VERSION = 5.0;
				TARGETED_DEVICE_FAMILY = "1,2";
				TEST_HOST = "$(BUILT_PRODUCTS_DIR)/Flix.app/Flix";
			};
			name = Release;
		};
		4991A4F825D78E9E00ED0426 /* Debug */ = {
			isa = XCBuildConfiguration;
			baseConfigurationReference = 6BEA8A7779A54C005CD9911C /* Pods-Flix-FlixUITests.debug.xcconfig */;
			buildSettings = {
				ALWAYS_EMBED_SWIFT_STANDARD_LIBRARIES = YES;
				CODE_SIGN_STYLE = Automatic;
				INFOPLIST_FILE = FlixUITests/Info.plist;
				LD_RUNPATH_SEARCH_PATHS = (
					"$(inherited)",
					"@executable_path/Frameworks",
					"@loader_path/Frameworks",
				);
				PRODUCT_BUNDLE_IDENTIFIER = memo.com.FlixUITests;
				PRODUCT_NAME = "$(TARGET_NAME)";
				SWIFT_VERSION = 5.0;
				TARGETED_DEVICE_FAMILY = "1,2";
				TEST_TARGET_NAME = Flix;
			};
			name = Debug;
		};
		4991A4F925D78E9E00ED0426 /* Release */ = {
			isa = XCBuildConfiguration;
			baseConfigurationReference = CE209414E471DB433900F0D9 /* Pods-Flix-FlixUITests.release.xcconfig */;
			buildSettings = {
				ALWAYS_EMBED_SWIFT_STANDARD_LIBRARIES = YES;
				CODE_SIGN_STYLE = Automatic;
				INFOPLIST_FILE = FlixUITests/Info.plist;
				LD_RUNPATH_SEARCH_PATHS = (
					"$(inherited)",
					"@executable_path/Frameworks",
					"@loader_path/Frameworks",
				);
				PRODUCT_BUNDLE_IDENTIFIER = memo.com.FlixUITests;
				PRODUCT_NAME = "$(TARGET_NAME)";
				SWIFT_VERSION = 5.0;
				TARGETED_DEVICE_FAMILY = "1,2";
				TEST_TARGET_NAME = Flix;
			};
			name = Release;
		};
/* End XCBuildConfiguration section */

/* Begin XCConfigurationList section */
		4991A4C225D78E9400ED0426 /* Build configuration list for PBXProject "Flix" */ = {
			isa = XCConfigurationList;
			buildConfigurations = (
				4991A4EF25D78E9E00ED0426 /* Debug */,
				4991A4F025D78E9E00ED0426 /* Release */,
			);
			defaultConfigurationIsVisible = 0;
			defaultConfigurationName = Release;
		};
		4991A4F125D78E9E00ED0426 /* Build configuration list for PBXNativeTarget "Flix" */ = {
			isa = XCConfigurationList;
			buildConfigurations = (
				4991A4F225D78E9E00ED0426 /* Debug */,
				4991A4F325D78E9E00ED0426 /* Release */,
			);
			defaultConfigurationIsVisible = 0;
			defaultConfigurationName = Release;
		};
		4991A4F425D78E9E00ED0426 /* Build configuration list for PBXNativeTarget "FlixTests" */ = {
			isa = XCConfigurationList;
			buildConfigurations = (
				4991A4F525D78E9E00ED0426 /* Debug */,
				4991A4F625D78E9E00ED0426 /* Release */,
			);
			defaultConfigurationIsVisible = 0;
			defaultConfigurationName = Release;
		};
		4991A4F725D78E9E00ED0426 /* Build configuration list for PBXNativeTarget "FlixUITests" */ = {
			isa = XCConfigurationList;
			buildConfigurations = (
				4991A4F825D78E9E00ED0426 /* Debug */,
				4991A4F925D78E9E00ED0426 /* Release */,
			);
			defaultConfigurationIsVisible = 0;
			defaultConfigurationName = Release;
		};
/* End XCConfigurationList section */
	};
	rootObject = 4991A4BF25D78E9400ED0426 /* Project object */;
}
